// !$*UTF8*$!
{
	archiveVersion = 1;
	classes = {
	};
	objectVersion = 55;
	objects = {

/* Begin PBXBuildFile section */
		BFD8437727BF8BE400422205 /* AppDelegate.swift in Sources */ = {isa = PBXBuildFile; fileRef = BFD8437627BF8BE400422205 /* AppDelegate.swift */; };
		BFD8437927BF8BE400422205 /* SceneDelegate.swift in Sources */ = {isa = PBXBuildFile; fileRef = BFD8437827BF8BE400422205 /* SceneDelegate.swift */; };
		BFD8437E27BF8BE400422205 /* Main.storyboard in Resources */ = {isa = PBXBuildFile; fileRef = BFD8437C27BF8BE400422205 /* Main.storyboard */; };
		BFD8438027BF8BE500422205 /* Assets.xcassets in Resources */ = {isa = PBXBuildFile; fileRef = BFD8437F27BF8BE500422205 /* Assets.xcassets */; };
		BFD8438327BF8BE500422205 /* LaunchScreen.storyboard in Resources */ = {isa = PBXBuildFile; fileRef = BFD8438127BF8BE500422205 /* LaunchScreen.storyboard */; };
		BFD843A027BFE3F700422205 /* WeatherTableViewController.swift in Sources */ = {isa = PBXBuildFile; fileRef = BFD8439F27BFE3F700422205 /* WeatherTableViewController.swift */; };
		BFD843A427BFE47800422205 /* WeatherView.swift in Sources */ = {isa = PBXBuildFile; fileRef = BFD843A327BFE47800422205 /* WeatherView.swift */; };
		BFD843A627BFE65600422205 /* WeatherTableViewCell.swift in Sources */ = {isa = PBXBuildFile; fileRef = BFD843A527BFE65600422205 /* WeatherTableViewCell.swift */; };
		BFD843A827BFEE1000422205 /* MapView.swift in Sources */ = {isa = PBXBuildFile; fileRef = BFD843A727BFEE1000422205 /* MapView.swift */; };
		BFD843AA27BFEF3000422205 /* MapTableViewCell.swift in Sources */ = {isa = PBXBuildFile; fileRef = BFD843A927BFEF3000422205 /* MapTableViewCell.swift */; };
/* End PBXBuildFile section */

/* Begin PBXFileReference section */
		BFD8437327BF8BE400422205 /* MyWeather.app */ = {isa = PBXFileReference; explicitFileType = wrapper.application; includeInIndex = 0; path = MyWeather.app; sourceTree = BUILT_PRODUCTS_DIR; };
		BFD8437627BF8BE400422205 /* AppDelegate.swift */ = {isa = PBXFileReference; lastKnownFileType = sourcecode.swift; path = AppDelegate.swift; sourceTree = "<group>"; };
		BFD8437827BF8BE400422205 /* SceneDelegate.swift */ = {isa = PBXFileReference; lastKnownFileType = sourcecode.swift; path = SceneDelegate.swift; sourceTree = "<group>"; };
		BFD8437D27BF8BE400422205 /* Base */ = {isa = PBXFileReference; lastKnownFileType = file.storyboard; name = Base; path = Base.lproj/Main.storyboard; sourceTree = "<group>"; };
		BFD8437F27BF8BE500422205 /* Assets.xcassets */ = {isa = PBXFileReference; lastKnownFileType = folder.assetcatalog; path = Assets.xcassets; sourceTree = "<group>"; };
		BFD8438227BF8BE500422205 /* Base */ = {isa = PBXFileReference; lastKnownFileType = file.storyboard; name = Base; path = Base.lproj/LaunchScreen.storyboard; sourceTree = "<group>"; };
		BFD8438427BF8BE500422205 /* Info.plist */ = {isa = PBXFileReference; lastKnownFileType = text.plist.xml; path = Info.plist; sourceTree = "<group>"; };
		BFD8439F27BFE3F700422205 /* WeatherTableViewController.swift */ = {isa = PBXFileReference; lastKnownFileType = sourcecode.swift; path = WeatherTableViewController.swift; sourceTree = "<group>"; };
		BFD843A327BFE47800422205 /* WeatherView.swift */ = {isa = PBXFileReference; lastKnownFileType = sourcecode.swift; path = WeatherView.swift; sourceTree = "<group>"; };
		BFD843A527BFE65600422205 /* WeatherTableViewCell.swift */ = {isa = PBXFileReference; lastKnownFileType = sourcecode.swift; path = WeatherTableViewCell.swift; sourceTree = "<group>"; };
		BFD843A727BFEE1000422205 /* MapView.swift */ = {isa = PBXFileReference; lastKnownFileType = sourcecode.swift; path = MapView.swift; sourceTree = "<group>"; };
		BFD843A927BFEF3000422205 /* MapTableViewCell.swift */ = {isa = PBXFileReference; lastKnownFileType = sourcecode.swift; path = MapTableViewCell.swift; sourceTree = "<group>"; };
/* End PBXFileReference section */

/* Begin PBXFrameworksBuildPhase section */
		BFD8437027BF8BE400422205 /* Frameworks */ = {
			isa = PBXFrameworksBuildPhase;
			buildActionMask = 2147483647;
			files = (
			);
			runOnlyForDeploymentPostprocessing = 0;
		};
/* End PBXFrameworksBuildPhase section */

/* Begin PBXGroup section */
		BFD8436A27BF8BE400422205 = {
			isa = PBXGroup;
			children = (
				BFD8437527BF8BE400422205 /* MyWeather */,
				BFD8437427BF8BE400422205 /* Products */,
			);
			sourceTree = "<group>";
		};
		BFD8437427BF8BE400422205 /* Products */ = {
			isa = PBXGroup;
			children = (
				BFD8437327BF8BE400422205 /* MyWeather.app */,
			);
			name = Products;
			sourceTree = "<group>";
		};
		BFD8437527BF8BE400422205 /* MyWeather */ = {
			isa = PBXGroup;
			children = (
				BFD8439E27BFE36F00422205 /* Models */,
				BFD8439D27BFE36800422205 /* Views */,
				BFD8439C27BFE35B00422205 /* Controllers */,
				BFD8437627BF8BE400422205 /* AppDelegate.swift */,
				BFD8437827BF8BE400422205 /* SceneDelegate.swift */,
				BFD8437C27BF8BE400422205 /* Main.storyboard */,
				BFD8437F27BF8BE500422205 /* Assets.xcassets */,
				BFD8438127BF8BE500422205 /* LaunchScreen.storyboard */,
				BFD8438427BF8BE500422205 /* Info.plist */,
			);
			path = MyWeather;
			sourceTree = "<group>";
		};
		BFD8439C27BFE35B00422205 /* Controllers */ = {
			isa = PBXGroup;
			children = (
				BFD8439F27BFE3F700422205 /* WeatherTableViewController.swift */,
			);
			path = Controllers;
			sourceTree = "<group>";
		};
		BFD8439D27BFE36800422205 /* Views */ = {
			isa = PBXGroup;
			children = (
				BFD843A127BFE45000422205 /* Weather */,
				BFD843A227BFE45700422205 /* Map */,
			);
			path = Views;
			sourceTree = "<group>";
		};
		BFD8439E27BFE36F00422205 /* Models */ = {
			isa = PBXGroup;
			children = (
			);
			path = Models;
			sourceTree = "<group>";
		};
		BFD843A127BFE45000422205 /* Weather */ = {
			isa = PBXGroup;
			children = (
				BFD843A327BFE47800422205 /* WeatherView.swift */,
				BFD843A527BFE65600422205 /* WeatherTableViewCell.swift */,
			);
			path = Weather;
			sourceTree = "<group>";
		};
		BFD843A227BFE45700422205 /* Map */ = {
			isa = PBXGroup;
			children = (
				BFD843A727BFEE1000422205 /* MapView.swift */,
				BFD843A927BFEF3000422205 /* MapTableViewCell.swift */,
			);
			path = Map;
			sourceTree = "<group>";
		};
/* End PBXGroup section */

/* Begin PBXNativeTarget section */
		BFD8437227BF8BE400422205 /* MyWeather */ = {
			isa = PBXNativeTarget;
			buildConfigurationList = BFD8438727BF8BE500422205 /* Build configuration list for PBXNativeTarget "MyWeather" */;
			buildPhases = (
				BFD8436F27BF8BE400422205 /* Sources */,
				BFD8437027BF8BE400422205 /* Frameworks */,
				BFD8437127BF8BE400422205 /* Resources */,
			);
			buildRules = (
			);
			dependencies = (
			);
			name = MyWeather;
			productName = MyWeather;
			productReference = BFD8437327BF8BE400422205 /* MyWeather.app */;
			productType = "com.apple.product-type.application";
		};
/* End PBXNativeTarget section */

/* Begin PBXProject section */
		BFD8436B27BF8BE400422205 /* Project object */ = {
			isa = PBXProject;
			attributes = {
				BuildIndependentTargetsInParallel = 1;
				LastSwiftUpdateCheck = 1320;
				LastUpgradeCheck = 1320;
				TargetAttributes = {
					BFD8437227BF8BE400422205 = {
						CreatedOnToolsVersion = 13.2.1;
					};
				};
			};
			buildConfigurationList = BFD8436E27BF8BE400422205 /* Build configuration list for PBXProject "MyWeather" */;
			compatibilityVersion = "Xcode 13.0";
			developmentRegion = en;
			hasScannedForEncodings = 0;
			knownRegions = (
				en,
				Base,
			);
			mainGroup = BFD8436A27BF8BE400422205;
			productRefGroup = BFD8437427BF8BE400422205 /* Products */;
			projectDirPath = "";
			projectRoot = "";
			targets = (
				BFD8437227BF8BE400422205 /* MyWeather */,
			);
		};
/* End PBXProject section */

/* Begin PBXResourcesBuildPhase section */
		BFD8437127BF8BE400422205 /* Resources */ = {
			isa = PBXResourcesBuildPhase;
			buildActionMask = 2147483647;
			files = (
				BFD8438327BF8BE500422205 /* LaunchScreen.storyboard in Resources */,
				BFD8438027BF8BE500422205 /* Assets.xcassets in Resources */,
				BFD8437E27BF8BE400422205 /* Main.storyboard in Resources */,
			);
			runOnlyForDeploymentPostprocessing = 0;
		};
/* End PBXResourcesBuildPhase section */

/* Begin PBXSourcesBuildPhase section */
		BFD8436F27BF8BE400422205 /* Sources */ = {
			isa = PBXSourcesBuildPhase;
			buildActionMask = 2147483647;
			files = (
				BFD843A627BFE65600422205 /* WeatherTableViewCell.swift in Sources */,
				BFD843A827BFEE1000422205 /* MapView.swift in Sources */,
				BFD8437727BF8BE400422205 /* AppDelegate.swift in Sources */,
				BFD843AA27BFEF3000422205 /* MapTableViewCell.swift in Sources */,
				BFD843A027BFE3F700422205 /* WeatherTableViewController.swift in Sources */,
				BFD8437927BF8BE400422205 /* SceneDelegate.swift in Sources */,
				BFD843A427BFE47800422205 /* WeatherView.swift in Sources */,
			);
			runOnlyForDeploymentPostprocessing = 0;
		};
/* End PBXSourcesBuildPhase section */

/* Begin PBXVariantGroup section */
		BFD8437C27BF8BE400422205 /* Main.storyboard */ = {
			isa = PBXVariantGroup;
			children = (
				BFD8437D27BF8BE400422205 /* Base */,
			);
			name = Main.storyboard;
			sourceTree = "<group>";
		};
		BFD8438127BF8BE500422205 /* LaunchScreen.storyboard */ = {
			isa = PBXVariantGroup;
			children = (
				BFD8438227BF8BE500422205 /* Base */,
			);
			name = LaunchScreen.storyboard;
			sourceTree = "<group>";
		};
/* End PBXVariantGroup section */

/* Begin XCBuildConfiguration section */
		BFD8438527BF8BE500422205 /* Debug */ = {
			isa = XCBuildConfiguration;
			buildSettings = {
				ALWAYS_SEARCH_USER_PATHS = NO;
				CLANG_ANALYZER_NONNULL = YES;
				CLANG_ANALYZER_NUMBER_OBJECT_CONVERSION = YES_AGGRESSIVE;
				CLANG_CXX_LANGUAGE_STANDARD = "gnu++17";
				CLANG_CXX_LIBRARY = "libc++";
				CLANG_ENABLE_MODULES = YES;
				CLANG_ENABLE_OBJC_ARC = YES;
				CLANG_ENABLE_OBJC_WEAK = YES;
				CLANG_WARN_BLOCK_CAPTURE_AUTORELEASING = YES;
				CLANG_WARN_BOOL_CONVERSION = YES;
				CLANG_WARN_COMMA = YES;
				CLANG_WARN_CONSTANT_CONVERSION = YES;
				CLANG_WARN_DEPRECATED_OBJC_IMPLEMENTATIONS = YES;
				CLANG_WARN_DIRECT_OBJC_ISA_USAGE = YES_ERROR;
				CLANG_WARN_DOCUMENTATION_COMMENTS = YES;
				CLANG_WARN_EMPTY_BODY = YES;
				CLANG_WARN_ENUM_CONVERSION = YES;
				CLANG_WARN_INFINITE_RECURSION = YES;
				CLANG_WARN_INT_CONVERSION = YES;
				CLANG_WARN_NON_LITERAL_NULL_CONVERSION = YES;
				CLANG_WARN_OBJC_IMPLICIT_RETAIN_SELF = YES;
				CLANG_WARN_OBJC_LITERAL_CONVERSION = YES;
				CLANG_WARN_OBJC_ROOT_CLASS = YES_ERROR;
				CLANG_WARN_QUOTED_INCLUDE_IN_FRAMEWORK_HEADER = YES;
				CLANG_WARN_RANGE_LOOP_ANALYSIS = YES;
				CLANG_WARN_STRICT_PROTOTYPES = YES;
				CLANG_WARN_SUSPICIOUS_MOVE = YES;
				CLANG_WARN_UNGUARDED_AVAILABILITY = YES_AGGRESSIVE;
				CLANG_WARN_UNREACHABLE_CODE = YES;
				CLANG_WARN__DUPLICATE_METHOD_MATCH = YES;
				COPY_PHASE_STRIP = NO;
				DEBUG_INFORMATION_FORMAT = dwarf;
				ENABLE_STRICT_OBJC_MSGSEND = YES;
				ENABLE_TESTABILITY = YES;
				GCC_C_LANGUAGE_STANDARD = gnu11;
				GCC_DYNAMIC_NO_PIC = NO;
				GCC_NO_COMMON_BLOCKS = YES;
				GCC_OPTIMIZATION_LEVEL = 0;
				GCC_PREPROCESSOR_DEFINITIONS = (
					"DEBUG=1",
					"$(inherited)",
				);
				GCC_WARN_64_TO_32_BIT_CONVERSION = YES;
				GCC_WARN_ABOUT_RETURN_TYPE = YES_ERROR;
				GCC_WARN_UNDECLARED_SELECTOR = YES;
				GCC_WARN_UNINITIALIZED_AUTOS = YES_AGGRESSIVE;
				GCC_WARN_UNUSED_FUNCTION = YES;
				GCC_WARN_UNUSED_VARIABLE = YES;
				IPHONEOS_DEPLOYMENT_TARGET = 15.2;
				MTL_ENABLE_DEBUG_INFO = INCLUDE_SOURCE;
				MTL_FAST_MATH = YES;
				ONLY_ACTIVE_ARCH = YES;
				SDKROOT = iphoneos;
				SWIFT_ACTIVE_COMPILATION_CONDITIONS = DEBUG;
				SWIFT_OPTIMIZATION_LEVEL = "-Onone";
			};
			name = Debug;
		};
		BFD8438627BF8BE500422205 /* Release */ = {
			isa = XCBuildConfiguration;
			buildSettings = {
				ALWAYS_SEARCH_USER_PATHS = NO;
				CLANG_ANALYZER_NONNULL = YES;
				CLANG_ANALYZER_NUMBER_OBJECT_CONVERSION = YES_AGGRESSIVE;
				CLANG_CXX_LANGUAGE_STANDARD = "gnu++17";
				CLANG_CXX_LIBRARY = "libc++";
				CLANG_ENABLE_MODULES = YES;
				CLANG_ENABLE_OBJC_ARC = YES;
				CLANG_ENABLE_OBJC_WEAK = YES;
				CLANG_WARN_BLOCK_CAPTURE_AUTORELEASING = YES;
				CLANG_WARN_BOOL_CONVERSION = YES;
				CLANG_WARN_COMMA = YES;
				CLANG_WARN_CONSTANT_CONVERSION = YES;
				CLANG_WARN_DEPRECATED_OBJC_IMPLEMENTATIONS = YES;
				CLANG_WARN_DIRECT_OBJC_ISA_USAGE = YES_ERROR;
				CLANG_WARN_DOCUMENTATION_COMMENTS = YES;
				CLANG_WARN_EMPTY_BODY = YES;
				CLANG_WARN_ENUM_CONVERSION = YES;
				CLANG_WARN_INFINITE_RECURSION = YES;
				CLANG_WARN_INT_CONVERSION = YES;
				CLANG_WARN_NON_LITERAL_NULL_CONVERSION = YES;
				CLANG_WARN_OBJC_IMPLICIT_RETAIN_SELF = YES;
				CLANG_WARN_OBJC_LITERAL_CONVERSION = YES;
				CLANG_WARN_OBJC_ROOT_CLASS = YES_ERROR;
				CLANG_WARN_QUOTED_INCLUDE_IN_FRAMEWORK_HEADER = YES;
				CLANG_WARN_RANGE_LOOP_ANALYSIS = YES;
				CLANG_WARN_STRICT_PROTOTYPES = YES;
				CLANG_WARN_SUSPICIOUS_MOVE = YES;
				CLANG_WARN_UNGUARDED_AVAILABILITY = YES_AGGRESSIVE;
				CLANG_WARN_UNREACHABLE_CODE = YES;
				CLANG_WARN__DUPLICATE_METHOD_MATCH = YES;
				COPY_PHASE_STRIP = NO;
				DEBUG_INFORMATION_FORMAT = "dwarf-with-dsym";
				ENABLE_NS_ASSERTIONS = NO;
				ENABLE_STRICT_OBJC_MSGSEND = YES;
				GCC_C_LANGUAGE_STANDARD = gnu11;
				GCC_NO_COMMON_BLOCKS = YES;
				GCC_WARN_64_TO_32_BIT_CONVERSION = YES;
				GCC_WARN_ABOUT_RETURN_TYPE = YES_ERROR;
				GCC_WARN_UNDECLARED_SELECTOR = YES;
				GCC_WARN_UNINITIALIZED_AUTOS = YES_AGGRESSIVE;
				GCC_WARN_UNUSED_FUNCTION = YES;
				GCC_WARN_UNUSED_VARIABLE = YES;
				IPHONEOS_DEPLOYMENT_TARGET = 15.2;
				MTL_ENABLE_DEBUG_INFO = NO;
				MTL_FAST_MATH = YES;
				SDKROOT = iphoneos;
				SWIFT_COMPILATION_MODE = wholemodule;
				SWIFT_OPTIMIZATION_LEVEL = "-O";
				VALIDATE_PRODUCT = YES;
			};
			name = Release;
		};
		BFD8438827BF8BE500422205 /* Debug */ = {
			isa = XCBuildConfiguration;
			buildSettings = {
				ASSETCATALOG_COMPILER_APPICON_NAME = AppIcon;
				ASSETCATALOG_COMPILER_GLOBAL_ACCENT_COLOR_NAME = AccentColor;
				CODE_SIGN_STYLE = Automatic;
				CURRENT_PROJECT_VERSION = 1;
				GENERATE_INFOPLIST_FILE = YES;
				INFOPLIST_FILE = MyWeather/Info.plist;
				INFOPLIST_KEY_UIApplicationSupportsIndirectInputEvents = YES;
				INFOPLIST_KEY_UILaunchStoryboardName = LaunchScreen;
				INFOPLIST_KEY_UISupportedInterfaceOrientations_iPad = "UIInterfaceOrientationPortrait UIInterfaceOrientationPortraitUpsideDown UIInterfaceOrientationLandscapeLeft UIInterfaceOrientationLandscapeRight";
				INFOPLIST_KEY_UISupportedInterfaceOrientations_iPhone = "UIInterfaceOrientationPortrait UIInterfaceOrientationLandscapeLeft UIInterfaceOrientationLandscapeRight";
				LD_RUNPATH_SEARCH_PATHS = (
					"$(inherited)",
					"@executable_path/Frameworks",
				);
				MARKETING_VERSION = 1.0;
				PRODUCT_BUNDLE_IDENTIFIER = com.google.MyWeather;
				PRODUCT_NAME = "$(TARGET_NAME)";
				SWIFT_EMIT_LOC_STRINGS = YES;
				SWIFT_VERSION = 5.0;
				TARGETED_DEVICE_FAMILY = "1,2";
			};
			name = Debug;
		};
		BFD8438927BF8BE500422205 /* Release */ = {
			isa = XCBuildConfiguration;
			buildSettings = {
				ASSETCATALOG_COMPILER_APPICON_NAME = AppIcon;
				ASSETCATALOG_COMPILER_GLOBAL_ACCENT_COLOR_NAME = AccentColor;
				CODE_SIGN_STYLE = Automatic;
				CURRENT_PROJECT_VERSION = 1;
				GENERATE_INFOPLIST_FILE = YES;
				INFOPLIST_FILE = MyWeather/Info.plist;
				INFOPLIST_KEY_UIApplicationSupportsIndirectInputEvents = YES;
				INFOPLIST_KEY_UILaunchStoryboardName = LaunchScreen;
				INFOPLIST_KEY_UISupportedInterfaceOrientations_iPad = "UIInterfaceOrientationPortrait UIInterfaceOrientationPortraitUpsideDown UIInterfaceOrientationLandscapeLeft UIInterfaceOrientationLandscapeRight";
				INFOPLIST_KEY_UISupportedInterfaceOrientations_iPhone = "UIInterfaceOrientationPortrait UIInterfaceOrientationLandscapeLeft UIInterfaceOrientationLandscapeRight";
				LD_RUNPATH_SEARCH_PATHS = (
					"$(inherited)",
					"@executable_path/Frameworks",
				);
				MARKETING_VERSION = 1.0;
				PRODUCT_BUNDLE_IDENTIFIER = com.google.MyWeather;
				PRODUCT_NAME = "$(TARGET_NAME)";
				SWIFT_EMIT_LOC_STRINGS = YES;
				SWIFT_VERSION = 5.0;
				TARGETED_DEVICE_FAMILY = "1,2";
			};
			name = Release;
		};
/* End XCBuildConfiguration section */

/* Begin XCConfigurationList section */
		BFD8436E27BF8BE400422205 /* Build configuration list for PBXProject "MyWeather" */ = {
			isa = XCConfigurationList;
			buildConfigurations = (
				BFD8438527BF8BE500422205 /* Debug */,
				BFD8438627BF8BE500422205 /* Release */,
			);
			defaultConfigurationIsVisible = 0;
			defaultConfigurationName = Release;
		};
		BFD8438727BF8BE500422205 /* Build configuration list for PBXNativeTarget "MyWeather" */ = {
			isa = XCConfigurationList;
			buildConfigurations = (
				BFD8438827BF8BE500422205 /* Debug */,
				BFD8438927BF8BE500422205 /* Release */,
			);
			defaultConfigurationIsVisible = 0;
			defaultConfigurationName = Release;
		};
/* End XCConfigurationList section */
	};
	rootObject = BFD8436B27BF8BE400422205 /* Project object */;
}
